
Microsoft Visual Studio Solution File, Format Version 12.00
# Visual Studio Version 17
VisualStudioVersion = 17.0.32014.148
MinimumVisualStudioVersion = 10.0.40219.1
Project("{FAE04EC0-301F-11D3-BF4B-00C04F79EFBC}") = "Session2.1", "Session2.1\Session2.1.csproj", "{3E21090A-B2EC-4BAB-A978-0A72877CB4A1}"
EndProject
Global
	GlobalSection(SolutionConfigurationPlatforms) = preSolution
		Debug|Any CPU = Debug|Any CPU
		Release|Any CPU = Release|Any CPU
	EndGlobalSection
	GlobalSection(ProjectConfigurationPlatforms) = postSolution
		{3E21090A-B2EC-4BAB-A978-0A72877CB4A1}.Debug|Any CPU.ActiveCfg = Debug|Any CPU
		{3E21090A-B2EC-4BAB-A978-0A72877CB4A1}.Debug|Any CPU.Build.0 = Debug|Any CPU
		{3E21090A-B2EC-4BAB-A978-0A72877CB4A1}.Release|Any CPU.ActiveCfg = Release|Any CPU
		{3E21090A-B2EC-4BAB-A978-0A72877CB4A1}.Release|Any CPU.Build.0 = Release|Any CPU
	EndGlobalSection
	GlobalSection(SolutionProperties) = preSolution
		HideSolutionNode = FALSE
	EndGlobalSection
	GlobalSection(ExtensibilityGlobals) = postSolution
		SolutionGuid = {596851B4-5C85-4B13-AC20-845CCCF1520F}
	EndGlobalSection
EndGlobal
